<?xml version="1.0" encoding="utf-8"?>
<Project ToolsVersion="16.0" xmlns="http://schemas.microsoft.com/developer/msbuild/2003">
  <ItemGroup>
    <CustomBuild Include="C:\MyCppProjects\pdf-text-extraction\LibTiff\CMakeLists.txt" />
  </ItemGroup>
  <ItemGroup>
    <Object Include="C:\MyCppProjects\pdf-text-extraction\build\LibTiff\LibTiff_OBJLIB.dir\$(Configuration)\tif_aux.obj">
      <Filter>Object Libraries</Filter>
    </Object>
    <Object Include="C:\MyCppProjects\pdf-text-extraction\build\LibTiff\LibTiff_OBJLIB.dir\$(Configuration)\tif_close.obj">
      <Filter>Object Libraries</Filter>
    </Object>
    <Object Include="C:\MyCppProjects\pdf-text-extraction\build\LibTiff\LibTiff_OBJLIB.dir\$(Configuration)\tif_codec.obj">
      <Filter>Object Libraries</Filter>
    </Object>
    <Object Include="C:\MyCppProjects\pdf-text-extraction\build\LibTiff\LibTiff_OBJLIB.dir\$(Configuration)\tif_color.obj">
      <Filter>Object Libraries</Filter>
    </Object>
    <Object Include="C:\MyCppProjects\pdf-text-extraction\build\LibTiff\LibTiff_OBJLIB.dir\$(Configuration)\tif_compress.obj">
      <Filter>Object Libraries</Filter>
    </Object>
    <Object Include="C:\MyCppProjects\pdf-text-extraction\build\LibTiff\LibTiff_OBJLIB.dir\$(Configuration)\tif_dir.obj">
      <Filter>Object Libraries</Filter>
    </Object>
    <Object Include="C:\MyCppProjects\pdf-text-extraction\build\LibTiff\LibTiff_OBJLIB.dir\$(Configuration)\tif_dirinfo.obj">
      <Filter>Object Libraries</Filter>
    </Object>
    <Object Include="C:\MyCppProjects\pdf-text-extraction\build\LibTiff\LibTiff_OBJLIB.dir\$(Configuration)\tif_dirread.obj">
      <Filter>Object Libraries</Filter>
    </Object>
    <Object Include="C:\MyCppProjects\pdf-text-extraction\build\LibTiff\LibTiff_OBJLIB.dir\$(Configuration)\tif_dirwrite.obj">
      <Filter>Object Libraries</Filter>
    </Object>
    <Object Include="C:\MyCppProjects\pdf-text-extraction\build\LibTiff\LibTiff_OBJLIB.dir\$(Configuration)\tif_dumpmode.obj">
      <Filter>Object Libraries</Filter>
    </Object>
    <Object Include="C:\MyCppProjects\pdf-text-extraction\build\LibTiff\LibTiff_OBJLIB.dir\$(Configuration)\tif_error.obj">
      <Filter>Object Libraries</Filter>
    </Object>
    <Object Include="C:\MyCppProjects\pdf-text-extraction\build\LibTiff\LibTiff_OBJLIB.dir\$(Configuration)\tif_extension.obj">
      <Filter>Object Libraries</Filter>
    </Object>
    <Object Include="C:\MyCppProjects\pdf-text-extraction\build\LibTiff\LibTiff_OBJLIB.dir\$(Configuration)\tif_fax3.obj">
      <Filter>Object Libraries</Filter>
    </Object>
    <Object Include="C:\MyCppProjects\pdf-text-extraction\build\LibTiff\LibTiff_OBJLIB.dir\$(Configuration)\tif_fax3sm.obj">
      <Filter>Object Libraries</Filter>
    </Object>
    <Object Include="C:\MyCppProjects\pdf-text-extraction\build\LibTiff\LibTiff_OBJLIB.dir\$(Configuration)\tif_flush.obj">
      <Filter>Object Libraries</Filter>
    </Object>
    <Object Include="C:\MyCppProjects\pdf-text-extraction\build\LibTiff\LibTiff_OBJLIB.dir\$(Configuration)\tif_getimage.obj">
      <Filter>Object Libraries</Filter>
    </Object>
    <Object Include="C:\MyCppProjects\pdf-text-extraction\build\LibTiff\LibTiff_OBJLIB.dir\$(Configuration)\tif_jbig.obj">
      <Filter>Object Libraries</Filter>
    </Object>
    <Object Include="C:\MyCppProjects\pdf-text-extraction\build\LibTiff\LibTiff_OBJLIB.dir\$(Configuration)\tif_jpeg.obj">
      <Filter>Object Libraries</Filter>
    </Object>
    <Object Include="C:\MyCppProjects\pdf-text-extraction\build\LibTiff\LibTiff_OBJLIB.dir\$(Configuration)\tif_luv.obj">
      <Filter>Object Libraries</Filter>
    </Object>
    <Object Include="C:\MyCppProjects\pdf-text-extraction\build\LibTiff\LibTiff_OBJLIB.dir\$(Configuration)\tif_lzw.obj">
      <Filter>Object Libraries</Filter>
    </Object>
    <Object Include="C:\MyCppProjects\pdf-text-extraction\build\LibTiff\LibTiff_OBJLIB.dir\$(Configuration)\tif_next.obj">
      <Filter>Object Libraries</Filter>
    </Object>
    <Object Include="C:\MyCppProjects\pdf-text-extraction\build\LibTiff\LibTiff_OBJLIB.dir\$(Configuration)\tif_ojpeg.obj">
      <Filter>Object Libraries</Filter>
    </Object>
    <Object Include="C:\MyCppProjects\pdf-text-extraction\build\LibTiff\LibTiff_OBJLIB.dir\$(Configuration)\tif_open.obj">
      <Filter>Object Libraries</Filter>
    </Object>
    <Object Include="C:\MyCppProjects\pdf-text-extraction\build\LibTiff\LibTiff_OBJLIB.dir\$(Configuration)\tif_packbits.obj">
      <Filter>Object Libraries</Filter>
    </Object>
    <Object Include="C:\MyCppProjects\pdf-text-extraction\build\LibTiff\LibTiff_OBJLIB.dir\$(Configuration)\tif_pixarlog.obj">
      <Filter>Object Libraries</Filter>
    </Object>
    <Object Include="C:\MyCppProjects\pdf-text-extraction\build\LibTiff\LibTiff_OBJLIB.dir\$(Configuration)\tif_predict.obj">
      <Filter>Object Libraries</Filter>
    </Object>
    <Object Include="C:\MyCppProjects\pdf-text-extraction\build\LibTiff\LibTiff_OBJLIB.dir\$(Configuration)\tif_print.obj">
      <Filter>Object Libraries</Filter>
    </Object>
    <Object Include="C:\MyCppProjects\pdf-text-extraction\build\LibTiff\LibTiff_OBJLIB.dir\$(Configuration)\tif_read.obj">
      <Filter>Object Libraries</Filter>
    </Object>
    <Object Include="C:\MyCppProjects\pdf-text-extraction\build\LibTiff\LibTiff_OBJLIB.dir\$(Configuration)\tif_stream.obj">
      <Filter>Object Libraries</Filter>
    </Object>
    <Object Include="C:\MyCppProjects\pdf-text-extraction\build\LibTiff\LibTiff_OBJLIB.dir\$(Configuration)\tif_strip.obj">
      <Filter>Object Libraries</Filter>
    </Object>
    <Object Include="C:\MyCppProjects\pdf-text-extraction\build\LibTiff\LibTiff_OBJLIB.dir\$(Configuration)\tif_swab.obj">
      <Filter>Object Libraries</Filter>
    </Object>
    <Object Include="C:\MyCppProjects\pdf-text-extraction\build\LibTiff\LibTiff_OBJLIB.dir\$(Configuration)\tif_thunder.obj">
      <Filter>Object Libraries</Filter>
    </Object>
    <Object Include="C:\MyCppProjects\pdf-text-extraction\build\LibTiff\LibTiff_OBJLIB.dir\$(Configuration)\tif_tile.obj">
      <Filter>Object Libraries</Filter>
    </Object>
    <Object Include="C:\MyCppProjects\pdf-text-extraction\build\LibTiff\LibTiff_OBJLIB.dir\$(Configuration)\tif_unix.obj">
      <Filter>Object Libraries</Filter>
    </Object>
    <Object Include="C:\MyCppProjects\pdf-text-extraction\build\LibTiff\LibTiff_OBJLIB.dir\$(Configuration)\tif_version.obj">
      <Filter>Object Libraries</Filter>
    </Object>
    <Object Include="C:\MyCppProjects\pdf-text-extraction\build\LibTiff\LibTiff_OBJLIB.dir\$(Configuration)\tif_warning.obj">
      <Filter>Object Libraries</Filter>
    </Object>
    <Object Include="C:\MyCppProjects\pdf-text-extraction\build\LibTiff\LibTiff_OBJLIB.dir\$(Configuration)\tif_write.obj">
      <Filter>Object Libraries</Filter>
    </Object>
    <Object Include="C:\MyCppProjects\pdf-text-extraction\build\LibTiff\LibTiff_OBJLIB.dir\$(Configuration)\tif_zip.obj">
      <Filter>Object Libraries</Filter>
    </Object>
  </ItemGroup>
  <ItemGroup>
    <Filter Include="Object Libraries">
      <UniqueIdentifier>{0501BD38-2A4A-3183-BA95-05C79B5422F6}</UniqueIdentifier>
    </Filter>
  </ItemGroup>
</Project>
