<?xml version="1.0" encoding="utf-8"?>
<Project ToolsVersion="16.0" xmlns="http://schemas.microsoft.com/developer/msbuild/2003">
  <ItemGroup>
    <CustomBuild Include="C:\MyCppProjects\pdf-text-extraction\windows\CMakeFiles\58830c6602ee20c298426345378111a8\INSTALL_force.rule">
      <Filter>CMake Rules</Filter>
    </CustomBuild>
  </ItemGroup>
  <ItemGroup>
    <Filter Include="CMake Rules">
      <UniqueIdentifier>{88A8162C-7F58-3B5B-8835-3BDA12D2DFFA}</UniqueIdentifier>
    </Filter>
  </ItemGroup>
</Project>
