
Microsoft Visual Studio Solution File, Format Version 12.00
# Visual Studio Version 16
Project("{8BC9CEB8-8B4A-11D0-8D11-00A0C91BC942}") = "ALL_BUILD", "ALL_BUILD.vcxproj", "{1EE33D67-4050-3C31-BBB8-3A3F90512FBA}"
	ProjectSection(ProjectDependencies) = postProject
		{E5BC2865-2B00-3BBE-8E31-27560ABEE1F7} = {E5BC2865-2B00-3BBE-8E31-27560ABEE1F7}
		{49B10960-7429-3906-A157-F5DA34BD2201} = {49B10960-7429-3906-A157-F5DA34BD2201}
		{173F2E63-0B31-33DD-9F13-844CA1C3456F} = {173F2E63-0B31-33DD-9F13-844CA1C3456F}
	EndProjectSection
EndProject
Project("{8BC9CEB8-8B4A-11D0-8D11-00A0C91BC942}") = "INSTALL", "INSTALL.vcxproj", "{A0130C89-E35D-3E55-82B3-B7D0AE5DCBFA}"
	ProjectSection(ProjectDependencies) = postProject
		{1EE33D67-4050-3C31-BBB8-3A3F90512FBA} = {1EE33D67-4050-3C31-BBB8-3A3F90512FBA}
		{173F2E63-0B31-33DD-9F13-844CA1C3456F} = {173F2E63-0B31-33DD-9F13-844CA1C3456F}
	EndProjectSection
EndProject
Project("{8BC9CEB8-8B4A-11D0-8D11-00A0C91BC942}") = "LibJpeg", "LibJpeg.vcxproj", "{E5BC2865-2B00-3BBE-8E31-27560ABEE1F7}"
	ProjectSection(ProjectDependencies) = postProject
		{49B10960-7429-3906-A157-F5DA34BD2201} = {49B10960-7429-3906-A157-F5DA34BD2201}
		{173F2E63-0B31-33DD-9F13-844CA1C3456F} = {173F2E63-0B31-33DD-9F13-844CA1C3456F}
	EndProjectSection
EndProject
Project("{8BC9CEB8-8B4A-11D0-8D11-00A0C91BC942}") = "LibJpeg_OBJLIB", "LibJpeg_OBJLIB.vcxproj", "{49B10960-7429-3906-A157-F5DA34BD2201}"
	ProjectSection(ProjectDependencies) = postProject
		{173F2E63-0B31-33DD-9F13-844CA1C3456F} = {173F2E63-0B31-33DD-9F13-844CA1C3456F}
	EndProjectSection
EndProject
Project("{8BC9CEB8-8B4A-11D0-8D11-00A0C91BC942}") = "ZERO_CHECK", "..\\ZERO_CHECK.vcxproj", "{173F2E63-0B31-33DD-9F13-844CA1C3456F}"
	ProjectSection(ProjectDependencies) = postProject
	EndProjectSection
EndProject
Global
	GlobalSection(SolutionConfigurationPlatforms) = preSolution
		Debug|x64 = Debug|x64
		Release|x64 = Release|x64
		MinSizeRel|x64 = MinSizeRel|x64
		RelWithDebInfo|x64 = RelWithDebInfo|x64
	EndGlobalSection
	GlobalSection(ProjectConfigurationPlatforms) = postSolution
		{1EE33D67-4050-3C31-BBB8-3A3F90512FBA}.Debug|x64.ActiveCfg = Debug|x64
		{1EE33D67-4050-3C31-BBB8-3A3F90512FBA}.Debug|x64.Build.0 = Debug|x64
		{1EE33D67-4050-3C31-BBB8-3A3F90512FBA}.Release|x64.ActiveCfg = Release|x64
		{1EE33D67-4050-3C31-BBB8-3A3F90512FBA}.Release|x64.Build.0 = Release|x64
		{1EE33D67-4050-3C31-BBB8-3A3F90512FBA}.MinSizeRel|x64.ActiveCfg = MinSizeRel|x64
		{1EE33D67-4050-3C31-BBB8-3A3F90512FBA}.MinSizeRel|x64.Build.0 = MinSizeRel|x64
		{1EE33D67-4050-3C31-BBB8-3A3F90512FBA}.RelWithDebInfo|x64.ActiveCfg = RelWithDebInfo|x64
		{1EE33D67-4050-3C31-BBB8-3A3F90512FBA}.RelWithDebInfo|x64.Build.0 = RelWithDebInfo|x64
		{A0130C89-E35D-3E55-82B3-B7D0AE5DCBFA}.Debug|x64.ActiveCfg = Debug|x64
		{A0130C89-E35D-3E55-82B3-B7D0AE5DCBFA}.Release|x64.ActiveCfg = Release|x64
		{A0130C89-E35D-3E55-82B3-B7D0AE5DCBFA}.MinSizeRel|x64.ActiveCfg = MinSizeRel|x64
		{A0130C89-E35D-3E55-82B3-B7D0AE5DCBFA}.RelWithDebInfo|x64.ActiveCfg = RelWithDebInfo|x64
		{E5BC2865-2B00-3BBE-8E31-27560ABEE1F7}.Debug|x64.ActiveCfg = Debug|x64
		{E5BC2865-2B00-3BBE-8E31-27560ABEE1F7}.Debug|x64.Build.0 = Debug|x64
		{E5BC2865-2B00-3BBE-8E31-27560ABEE1F7}.Release|x64.ActiveCfg = Release|x64
		{E5BC2865-2B00-3BBE-8E31-27560ABEE1F7}.Release|x64.Build.0 = Release|x64
		{E5BC2865-2B00-3BBE-8E31-27560ABEE1F7}.MinSizeRel|x64.ActiveCfg = MinSizeRel|x64
		{E5BC2865-2B00-3BBE-8E31-27560ABEE1F7}.MinSizeRel|x64.Build.0 = MinSizeRel|x64
		{E5BC2865-2B00-3BBE-8E31-27560ABEE1F7}.RelWithDebInfo|x64.ActiveCfg = RelWithDebInfo|x64
		{E5BC2865-2B00-3BBE-8E31-27560ABEE1F7}.RelWithDebInfo|x64.Build.0 = RelWithDebInfo|x64
		{49B10960-7429-3906-A157-F5DA34BD2201}.Debug|x64.ActiveCfg = Debug|x64
		{49B10960-7429-3906-A157-F5DA34BD2201}.Debug|x64.Build.0 = Debug|x64
		{49B10960-7429-3906-A157-F5DA34BD2201}.Release|x64.ActiveCfg = Release|x64
		{49B10960-7429-3906-A157-F5DA34BD2201}.Release|x64.Build.0 = Release|x64
		{49B10960-7429-3906-A157-F5DA34BD2201}.MinSizeRel|x64.ActiveCfg = MinSizeRel|x64
		{49B10960-7429-3906-A157-F5DA34BD2201}.MinSizeRel|x64.Build.0 = MinSizeRel|x64
		{49B10960-7429-3906-A157-F5DA34BD2201}.RelWithDebInfo|x64.ActiveCfg = RelWithDebInfo|x64
		{49B10960-7429-3906-A157-F5DA34BD2201}.RelWithDebInfo|x64.Build.0 = RelWithDebInfo|x64
		{173F2E63-0B31-33DD-9F13-844CA1C3456F}.Debug|x64.ActiveCfg = Debug|x64
		{173F2E63-0B31-33DD-9F13-844CA1C3456F}.Debug|x64.Build.0 = Debug|x64
		{173F2E63-0B31-33DD-9F13-844CA1C3456F}.Release|x64.ActiveCfg = Release|x64
		{173F2E63-0B31-33DD-9F13-844CA1C3456F}.Release|x64.Build.0 = Release|x64
		{173F2E63-0B31-33DD-9F13-844CA1C3456F}.MinSizeRel|x64.ActiveCfg = MinSizeRel|x64
		{173F2E63-0B31-33DD-9F13-844CA1C3456F}.MinSizeRel|x64.Build.0 = MinSizeRel|x64
		{173F2E63-0B31-33DD-9F13-844CA1C3456F}.RelWithDebInfo|x64.ActiveCfg = RelWithDebInfo|x64
		{173F2E63-0B31-33DD-9F13-844CA1C3456F}.RelWithDebInfo|x64.Build.0 = RelWithDebInfo|x64
	EndGlobalSection
	GlobalSection(ExtensibilityGlobals) = postSolution
		SolutionGuid = {A603D9D2-ACBC-31DE-84FD-1D7ED4CE39D9}
	EndGlobalSection
	GlobalSection(ExtensibilityAddIns) = postSolution
	EndGlobalSection
EndGlobal
