<?xml version="1.0" encoding="utf-8"?>
<Project ToolsVersion="16.0" xmlns="http://schemas.microsoft.com/developer/msbuild/2003">
  <ItemGroup>
    <ClCompile Include="C:\MyCppProjects\pdf-text-extraction\LibJpeg\jaricom.c">
      <Filter>Source Files</Filter>
    </ClCompile>
    <ClCompile Include="C:\MyCppProjects\pdf-text-extraction\LibJpeg\jcapimin.c">
      <Filter>Source Files</Filter>
    </ClCompile>
    <ClCompile Include="C:\MyCppProjects\pdf-text-extraction\LibJpeg\jcapistd.c">
      <Filter>Source Files</Filter>
    </ClCompile>
    <ClCompile Include="C:\MyCppProjects\pdf-text-extraction\LibJpeg\jcarith.c">
      <Filter>Source Files</Filter>
    </ClCompile>
    <ClCompile Include="C:\MyCppProjects\pdf-text-extraction\LibJpeg\jccoefct.c">
      <Filter>Source Files</Filter>
    </ClCompile>
    <ClCompile Include="C:\MyCppProjects\pdf-text-extraction\LibJpeg\jccolor.c">
      <Filter>Source Files</Filter>
    </ClCompile>
    <ClCompile Include="C:\MyCppProjects\pdf-text-extraction\LibJpeg\jcdctmgr.c">
      <Filter>Source Files</Filter>
    </ClCompile>
    <ClCompile Include="C:\MyCppProjects\pdf-text-extraction\LibJpeg\jchuff.c">
      <Filter>Source Files</Filter>
    </ClCompile>
    <ClCompile Include="C:\MyCppProjects\pdf-text-extraction\LibJpeg\jcinit.c">
      <Filter>Source Files</Filter>
    </ClCompile>
    <ClCompile Include="C:\MyCppProjects\pdf-text-extraction\LibJpeg\jcmainct.c">
      <Filter>Source Files</Filter>
    </ClCompile>
    <ClCompile Include="C:\MyCppProjects\pdf-text-extraction\LibJpeg\jcmarker.c">
      <Filter>Source Files</Filter>
    </ClCompile>
    <ClCompile Include="C:\MyCppProjects\pdf-text-extraction\LibJpeg\jcmaster.c">
      <Filter>Source Files</Filter>
    </ClCompile>
    <ClCompile Include="C:\MyCppProjects\pdf-text-extraction\LibJpeg\jcomapi.c">
      <Filter>Source Files</Filter>
    </ClCompile>
    <ClCompile Include="C:\MyCppProjects\pdf-text-extraction\LibJpeg\jcparam.c">
      <Filter>Source Files</Filter>
    </ClCompile>
    <ClCompile Include="C:\MyCppProjects\pdf-text-extraction\LibJpeg\jcprepct.c">
      <Filter>Source Files</Filter>
    </ClCompile>
    <ClCompile Include="C:\MyCppProjects\pdf-text-extraction\LibJpeg\jcsample.c">
      <Filter>Source Files</Filter>
    </ClCompile>
    <ClCompile Include="C:\MyCppProjects\pdf-text-extraction\LibJpeg\jctrans.c">
      <Filter>Source Files</Filter>
    </ClCompile>
    <ClCompile Include="C:\MyCppProjects\pdf-text-extraction\LibJpeg\jdapimin.c">
      <Filter>Source Files</Filter>
    </ClCompile>
    <ClCompile Include="C:\MyCppProjects\pdf-text-extraction\LibJpeg\jdapistd.c">
      <Filter>Source Files</Filter>
    </ClCompile>
    <ClCompile Include="C:\MyCppProjects\pdf-text-extraction\LibJpeg\jdarith.c">
      <Filter>Source Files</Filter>
    </ClCompile>
    <ClCompile Include="C:\MyCppProjects\pdf-text-extraction\LibJpeg\jdatadst.c">
      <Filter>Source Files</Filter>
    </ClCompile>
    <ClCompile Include="C:\MyCppProjects\pdf-text-extraction\LibJpeg\jdatasrc.c">
      <Filter>Source Files</Filter>
    </ClCompile>
    <ClCompile Include="C:\MyCppProjects\pdf-text-extraction\LibJpeg\jdcoefct.c">
      <Filter>Source Files</Filter>
    </ClCompile>
    <ClCompile Include="C:\MyCppProjects\pdf-text-extraction\LibJpeg\jdcolor.c">
      <Filter>Source Files</Filter>
    </ClCompile>
    <ClCompile Include="C:\MyCppProjects\pdf-text-extraction\LibJpeg\jddctmgr.c">
      <Filter>Source Files</Filter>
    </ClCompile>
    <ClCompile Include="C:\MyCppProjects\pdf-text-extraction\LibJpeg\jdhuff.c">
      <Filter>Source Files</Filter>
    </ClCompile>
    <ClCompile Include="C:\MyCppProjects\pdf-text-extraction\LibJpeg\jdinput.c">
      <Filter>Source Files</Filter>
    </ClCompile>
    <ClCompile Include="C:\MyCppProjects\pdf-text-extraction\LibJpeg\jdmainct.c">
      <Filter>Source Files</Filter>
    </ClCompile>
    <ClCompile Include="C:\MyCppProjects\pdf-text-extraction\LibJpeg\jdmarker.c">
      <Filter>Source Files</Filter>
    </ClCompile>
    <ClCompile Include="C:\MyCppProjects\pdf-text-extraction\LibJpeg\jdmaster.c">
      <Filter>Source Files</Filter>
    </ClCompile>
    <ClCompile Include="C:\MyCppProjects\pdf-text-extraction\LibJpeg\jdmerge.c">
      <Filter>Source Files</Filter>
    </ClCompile>
    <ClCompile Include="C:\MyCppProjects\pdf-text-extraction\LibJpeg\jdpostct.c">
      <Filter>Source Files</Filter>
    </ClCompile>
    <ClCompile Include="C:\MyCppProjects\pdf-text-extraction\LibJpeg\jdsample.c">
      <Filter>Source Files</Filter>
    </ClCompile>
    <ClCompile Include="C:\MyCppProjects\pdf-text-extraction\LibJpeg\jdtrans.c">
      <Filter>Source Files</Filter>
    </ClCompile>
    <ClCompile Include="C:\MyCppProjects\pdf-text-extraction\LibJpeg\jerror.c">
      <Filter>Source Files</Filter>
    </ClCompile>
    <ClCompile Include="C:\MyCppProjects\pdf-text-extraction\LibJpeg\jfdctflt.c">
      <Filter>Source Files</Filter>
    </ClCompile>
    <ClCompile Include="C:\MyCppProjects\pdf-text-extraction\LibJpeg\jfdctfst.c">
      <Filter>Source Files</Filter>
    </ClCompile>
    <ClCompile Include="C:\MyCppProjects\pdf-text-extraction\LibJpeg\jfdctint.c">
      <Filter>Source Files</Filter>
    </ClCompile>
    <ClCompile Include="C:\MyCppProjects\pdf-text-extraction\LibJpeg\jidctflt.c">
      <Filter>Source Files</Filter>
    </ClCompile>
    <ClCompile Include="C:\MyCppProjects\pdf-text-extraction\LibJpeg\jidctfst.c">
      <Filter>Source Files</Filter>
    </ClCompile>
    <ClCompile Include="C:\MyCppProjects\pdf-text-extraction\LibJpeg\jidctint.c">
      <Filter>Source Files</Filter>
    </ClCompile>
    <ClCompile Include="C:\MyCppProjects\pdf-text-extraction\LibJpeg\jmemmgr.c">
      <Filter>Source Files</Filter>
    </ClCompile>
    <ClCompile Include="C:\MyCppProjects\pdf-text-extraction\LibJpeg\jmemnobs.c">
      <Filter>Source Files</Filter>
    </ClCompile>
    <ClCompile Include="C:\MyCppProjects\pdf-text-extraction\LibJpeg\jquant1.c">
      <Filter>Source Files</Filter>
    </ClCompile>
    <ClCompile Include="C:\MyCppProjects\pdf-text-extraction\LibJpeg\jquant2.c">
      <Filter>Source Files</Filter>
    </ClCompile>
    <ClCompile Include="C:\MyCppProjects\pdf-text-extraction\LibJpeg\jutils.c">
      <Filter>Source Files</Filter>
    </ClCompile>
  </ItemGroup>
  <ItemGroup>
    <ClInclude Include="C:\MyCppProjects\pdf-text-extraction\LibJpeg\jconfig.h">
      <Filter>Header Files</Filter>
    </ClInclude>
    <ClInclude Include="C:\MyCppProjects\pdf-text-extraction\LibJpeg\jdct.h">
      <Filter>Header Files</Filter>
    </ClInclude>
    <ClInclude Include="C:\MyCppProjects\pdf-text-extraction\LibJpeg\jerror.h">
      <Filter>Header Files</Filter>
    </ClInclude>
    <ClInclude Include="C:\MyCppProjects\pdf-text-extraction\LibJpeg\jinclude.h">
      <Filter>Header Files</Filter>
    </ClInclude>
    <ClInclude Include="C:\MyCppProjects\pdf-text-extraction\LibJpeg\jmemsys.h">
      <Filter>Header Files</Filter>
    </ClInclude>
    <ClInclude Include="C:\MyCppProjects\pdf-text-extraction\LibJpeg\jmorecfg.h">
      <Filter>Header Files</Filter>
    </ClInclude>
    <ClInclude Include="C:\MyCppProjects\pdf-text-extraction\LibJpeg\jpegint.h">
      <Filter>Header Files</Filter>
    </ClInclude>
    <ClInclude Include="C:\MyCppProjects\pdf-text-extraction\LibJpeg\jpeglib.h">
      <Filter>Header Files</Filter>
    </ClInclude>
    <ClInclude Include="C:\MyCppProjects\pdf-text-extraction\LibJpeg\jversion.h">
      <Filter>Header Files</Filter>
    </ClInclude>
  </ItemGroup>
  <ItemGroup>
    <CustomBuild Include="C:\MyCppProjects\pdf-text-extraction\LibJpeg\CMakeLists.txt" />
  </ItemGroup>
  <ItemGroup>
    <Filter Include="Header Files">
      <UniqueIdentifier>{6B813611-2AC9-3F86-B2EC-ADF67077617A}</UniqueIdentifier>
    </Filter>
    <Filter Include="Source Files">
      <UniqueIdentifier>{3390B86F-36F4-3F5F-925F-10827033DDF2}</UniqueIdentifier>
    </Filter>
  </ItemGroup>
</Project>
