<?xml version="1.0" encoding="utf-8"?>
<Project ToolsVersion="16.0" xmlns="http://schemas.microsoft.com/developer/msbuild/2003">
  <ItemGroup>
    <CustomBuild Include="C:\MyCppProjects\pdf-text-extraction\build\CMakeFiles\2b1147da54b92fa6f0b108400538f9c6\INSTALL_force.rule">
      <Filter>CMake Rules</Filter>
    </CustomBuild>
  </ItemGroup>
  <ItemGroup>
    <Filter Include="CMake Rules">
      <UniqueIdentifier>{ED3AD9C3-DA24-3F81-A722-689F33FBC7C5}</UniqueIdentifier>
    </Filter>
  </ItemGroup>
</Project>
