
Microsoft Visual Studio Solution File, Format Version 12.00
# Visual Studio Version 16
Project("{8BC9CEB8-8B4A-11D0-8D11-00A0C91BC942}") = "ALL_BUILD", "ALL_BUILD.vcxproj", "{182640ED-DE68-3DE4-996E-CC58628A6DBF}"
	ProjectSection(ProjectDependencies) = postProject
		{6DEF5E3E-F3FF-35D8-B17B-BC1F129DDA38} = {6DEF5E3E-F3FF-35D8-B17B-BC1F129DDA38}
		{3B84D9DE-F77E-3553-B77F-B4EB51CD5C07} = {3B84D9DE-F77E-3553-B77F-B4EB51CD5C07}
		{C0A73AB9-7E49-3100-BE48-D0A5E2336D4C} = {C0A73AB9-7E49-3100-BE48-D0A5E2336D4C}
	EndProjectSection
EndProject
Project("{8BC9CEB8-8B4A-11D0-8D11-00A0C91BC942}") = "INSTALL", "INSTALL.vcxproj", "{73D9662F-D3F3-3B3E-A8C2-9ED88F3F5453}"
	ProjectSection(ProjectDependencies) = postProject
		{182640ED-DE68-3DE4-996E-CC58628A6DBF} = {182640ED-DE68-3DE4-996E-CC58628A6DBF}
		{C0A73AB9-7E49-3100-BE48-D0A5E2336D4C} = {C0A73AB9-7E49-3100-BE48-D0A5E2336D4C}
	EndProjectSection
EndProject
Project("{8BC9CEB8-8B4A-11D0-8D11-00A0C91BC942}") = "LibAesgm", "LibAesgm.vcxproj", "{6DEF5E3E-F3FF-35D8-B17B-BC1F129DDA38}"
	ProjectSection(ProjectDependencies) = postProject
		{3B84D9DE-F77E-3553-B77F-B4EB51CD5C07} = {3B84D9DE-F77E-3553-B77F-B4EB51CD5C07}
		{C0A73AB9-7E49-3100-BE48-D0A5E2336D4C} = {C0A73AB9-7E49-3100-BE48-D0A5E2336D4C}
	EndProjectSection
EndProject
Project("{8BC9CEB8-8B4A-11D0-8D11-00A0C91BC942}") = "LibAesgm_OBJLIB", "LibAesgm_OBJLIB.vcxproj", "{3B84D9DE-F77E-3553-B77F-B4EB51CD5C07}"
	ProjectSection(ProjectDependencies) = postProject
		{C0A73AB9-7E49-3100-BE48-D0A5E2336D4C} = {C0A73AB9-7E49-3100-BE48-D0A5E2336D4C}
	EndProjectSection
EndProject
Project("{8BC9CEB8-8B4A-11D0-8D11-00A0C91BC942}") = "ZERO_CHECK", "..\\ZERO_CHECK.vcxproj", "{C0A73AB9-7E49-3100-BE48-D0A5E2336D4C}"
	ProjectSection(ProjectDependencies) = postProject
	EndProjectSection
EndProject
Global
	GlobalSection(SolutionConfigurationPlatforms) = preSolution
		Debug|x64 = Debug|x64
		Release|x64 = Release|x64
		MinSizeRel|x64 = MinSizeRel|x64
		RelWithDebInfo|x64 = RelWithDebInfo|x64
	EndGlobalSection
	GlobalSection(ProjectConfigurationPlatforms) = postSolution
		{182640ED-DE68-3DE4-996E-CC58628A6DBF}.Debug|x64.ActiveCfg = Debug|x64
		{182640ED-DE68-3DE4-996E-CC58628A6DBF}.Debug|x64.Build.0 = Debug|x64
		{182640ED-DE68-3DE4-996E-CC58628A6DBF}.Release|x64.ActiveCfg = Release|x64
		{182640ED-DE68-3DE4-996E-CC58628A6DBF}.Release|x64.Build.0 = Release|x64
		{182640ED-DE68-3DE4-996E-CC58628A6DBF}.MinSizeRel|x64.ActiveCfg = MinSizeRel|x64
		{182640ED-DE68-3DE4-996E-CC58628A6DBF}.MinSizeRel|x64.Build.0 = MinSizeRel|x64
		{182640ED-DE68-3DE4-996E-CC58628A6DBF}.RelWithDebInfo|x64.ActiveCfg = RelWithDebInfo|x64
		{182640ED-DE68-3DE4-996E-CC58628A6DBF}.RelWithDebInfo|x64.Build.0 = RelWithDebInfo|x64
		{73D9662F-D3F3-3B3E-A8C2-9ED88F3F5453}.Debug|x64.ActiveCfg = Debug|x64
		{73D9662F-D3F3-3B3E-A8C2-9ED88F3F5453}.Release|x64.ActiveCfg = Release|x64
		{73D9662F-D3F3-3B3E-A8C2-9ED88F3F5453}.MinSizeRel|x64.ActiveCfg = MinSizeRel|x64
		{73D9662F-D3F3-3B3E-A8C2-9ED88F3F5453}.RelWithDebInfo|x64.ActiveCfg = RelWithDebInfo|x64
		{6DEF5E3E-F3FF-35D8-B17B-BC1F129DDA38}.Debug|x64.ActiveCfg = Debug|x64
		{6DEF5E3E-F3FF-35D8-B17B-BC1F129DDA38}.Debug|x64.Build.0 = Debug|x64
		{6DEF5E3E-F3FF-35D8-B17B-BC1F129DDA38}.Release|x64.ActiveCfg = Release|x64
		{6DEF5E3E-F3FF-35D8-B17B-BC1F129DDA38}.Release|x64.Build.0 = Release|x64
		{6DEF5E3E-F3FF-35D8-B17B-BC1F129DDA38}.MinSizeRel|x64.ActiveCfg = MinSizeRel|x64
		{6DEF5E3E-F3FF-35D8-B17B-BC1F129DDA38}.MinSizeRel|x64.Build.0 = MinSizeRel|x64
		{6DEF5E3E-F3FF-35D8-B17B-BC1F129DDA38}.RelWithDebInfo|x64.ActiveCfg = RelWithDebInfo|x64
		{6DEF5E3E-F3FF-35D8-B17B-BC1F129DDA38}.RelWithDebInfo|x64.Build.0 = RelWithDebInfo|x64
		{3B84D9DE-F77E-3553-B77F-B4EB51CD5C07}.Debug|x64.ActiveCfg = Debug|x64
		{3B84D9DE-F77E-3553-B77F-B4EB51CD5C07}.Debug|x64.Build.0 = Debug|x64
		{3B84D9DE-F77E-3553-B77F-B4EB51CD5C07}.Release|x64.ActiveCfg = Release|x64
		{3B84D9DE-F77E-3553-B77F-B4EB51CD5C07}.Release|x64.Build.0 = Release|x64
		{3B84D9DE-F77E-3553-B77F-B4EB51CD5C07}.MinSizeRel|x64.ActiveCfg = MinSizeRel|x64
		{3B84D9DE-F77E-3553-B77F-B4EB51CD5C07}.MinSizeRel|x64.Build.0 = MinSizeRel|x64
		{3B84D9DE-F77E-3553-B77F-B4EB51CD5C07}.RelWithDebInfo|x64.ActiveCfg = RelWithDebInfo|x64
		{3B84D9DE-F77E-3553-B77F-B4EB51CD5C07}.RelWithDebInfo|x64.Build.0 = RelWithDebInfo|x64
		{C0A73AB9-7E49-3100-BE48-D0A5E2336D4C}.Debug|x64.ActiveCfg = Debug|x64
		{C0A73AB9-7E49-3100-BE48-D0A5E2336D4C}.Debug|x64.Build.0 = Debug|x64
		{C0A73AB9-7E49-3100-BE48-D0A5E2336D4C}.Release|x64.ActiveCfg = Release|x64
		{C0A73AB9-7E49-3100-BE48-D0A5E2336D4C}.Release|x64.Build.0 = Release|x64
		{C0A73AB9-7E49-3100-BE48-D0A5E2336D4C}.MinSizeRel|x64.ActiveCfg = MinSizeRel|x64
		{C0A73AB9-7E49-3100-BE48-D0A5E2336D4C}.MinSizeRel|x64.Build.0 = MinSizeRel|x64
		{C0A73AB9-7E49-3100-BE48-D0A5E2336D4C}.RelWithDebInfo|x64.ActiveCfg = RelWithDebInfo|x64
		{C0A73AB9-7E49-3100-BE48-D0A5E2336D4C}.RelWithDebInfo|x64.Build.0 = RelWithDebInfo|x64
	EndGlobalSection
	GlobalSection(ExtensibilityGlobals) = postSolution
		SolutionGuid = {284F9650-1578-3DA1-B642-64EB9F70109A}
	EndGlobalSection
	GlobalSection(ExtensibilityAddIns) = postSolution
	EndGlobalSection
EndGlobal
