
Microsoft Visual Studio Solution File, Format Version 12.00
# Visual Studio Version 16
Project("{8BC9CEB8-8B4A-11D0-8D11-00A0C91BC942}") = "ALL_BUILD", "ALL_BUILD.vcxproj", "{1EE33D67-4050-3C31-BBB8-3A3F90512FBA}"
	ProjectSection(ProjectDependencies) = postProject
		{AE9BD23A-4CAF-36F0-A802-C5994C76EC4F} = {AE9BD23A-4CAF-36F0-A802-C5994C76EC4F}
		{44556D7F-B699-3C37-AE41-296F4943F6B4} = {44556D7F-B699-3C37-AE41-296F4943F6B4}
		{173F2E63-0B31-33DD-9F13-844CA1C3456F} = {173F2E63-0B31-33DD-9F13-844CA1C3456F}
	EndProjectSection
EndProject
Project("{8BC9CEB8-8B4A-11D0-8D11-00A0C91BC942}") = "INSTALL", "INSTALL.vcxproj", "{A0130C89-E35D-3E55-82B3-B7D0AE5DCBFA}"
	ProjectSection(ProjectDependencies) = postProject
		{1EE33D67-4050-3C31-BBB8-3A3F90512FBA} = {1EE33D67-4050-3C31-BBB8-3A3F90512FBA}
		{173F2E63-0B31-33DD-9F13-844CA1C3456F} = {173F2E63-0B31-33DD-9F13-844CA1C3456F}
	EndProjectSection
EndProject
Project("{8BC9CEB8-8B4A-11D0-8D11-00A0C91BC942}") = "LibAesgm", "LibAesgm.vcxproj", "{AE9BD23A-4CAF-36F0-A802-C5994C76EC4F}"
	ProjectSection(ProjectDependencies) = postProject
		{44556D7F-B699-3C37-AE41-296F4943F6B4} = {44556D7F-B699-3C37-AE41-296F4943F6B4}
		{173F2E63-0B31-33DD-9F13-844CA1C3456F} = {173F2E63-0B31-33DD-9F13-844CA1C3456F}
	EndProjectSection
EndProject
Project("{8BC9CEB8-8B4A-11D0-8D11-00A0C91BC942}") = "LibAesgm_OBJLIB", "LibAesgm_OBJLIB.vcxproj", "{44556D7F-B699-3C37-AE41-296F4943F6B4}"
	ProjectSection(ProjectDependencies) = postProject
		{173F2E63-0B31-33DD-9F13-844CA1C3456F} = {173F2E63-0B31-33DD-9F13-844CA1C3456F}
	EndProjectSection
EndProject
Project("{8BC9CEB8-8B4A-11D0-8D11-00A0C91BC942}") = "ZERO_CHECK", "..\\ZERO_CHECK.vcxproj", "{173F2E63-0B31-33DD-9F13-844CA1C3456F}"
	ProjectSection(ProjectDependencies) = postProject
	EndProjectSection
EndProject
Global
	GlobalSection(SolutionConfigurationPlatforms) = preSolution
		Debug|x64 = Debug|x64
		Release|x64 = Release|x64
		MinSizeRel|x64 = MinSizeRel|x64
		RelWithDebInfo|x64 = RelWithDebInfo|x64
	EndGlobalSection
	GlobalSection(ProjectConfigurationPlatforms) = postSolution
		{1EE33D67-4050-3C31-BBB8-3A3F90512FBA}.Debug|x64.ActiveCfg = Debug|x64
		{1EE33D67-4050-3C31-BBB8-3A3F90512FBA}.Debug|x64.Build.0 = Debug|x64
		{1EE33D67-4050-3C31-BBB8-3A3F90512FBA}.Release|x64.ActiveCfg = Release|x64
		{1EE33D67-4050-3C31-BBB8-3A3F90512FBA}.Release|x64.Build.0 = Release|x64
		{1EE33D67-4050-3C31-BBB8-3A3F90512FBA}.MinSizeRel|x64.ActiveCfg = MinSizeRel|x64
		{1EE33D67-4050-3C31-BBB8-3A3F90512FBA}.MinSizeRel|x64.Build.0 = MinSizeRel|x64
		{1EE33D67-4050-3C31-BBB8-3A3F90512FBA}.RelWithDebInfo|x64.ActiveCfg = RelWithDebInfo|x64
		{1EE33D67-4050-3C31-BBB8-3A3F90512FBA}.RelWithDebInfo|x64.Build.0 = RelWithDebInfo|x64
		{A0130C89-E35D-3E55-82B3-B7D0AE5DCBFA}.Debug|x64.ActiveCfg = Debug|x64
		{A0130C89-E35D-3E55-82B3-B7D0AE5DCBFA}.Release|x64.ActiveCfg = Release|x64
		{A0130C89-E35D-3E55-82B3-B7D0AE5DCBFA}.MinSizeRel|x64.ActiveCfg = MinSizeRel|x64
		{A0130C89-E35D-3E55-82B3-B7D0AE5DCBFA}.RelWithDebInfo|x64.ActiveCfg = RelWithDebInfo|x64
		{AE9BD23A-4CAF-36F0-A802-C5994C76EC4F}.Debug|x64.ActiveCfg = Debug|x64
		{AE9BD23A-4CAF-36F0-A802-C5994C76EC4F}.Debug|x64.Build.0 = Debug|x64
		{AE9BD23A-4CAF-36F0-A802-C5994C76EC4F}.Release|x64.ActiveCfg = Release|x64
		{AE9BD23A-4CAF-36F0-A802-C5994C76EC4F}.Release|x64.Build.0 = Release|x64
		{AE9BD23A-4CAF-36F0-A802-C5994C76EC4F}.MinSizeRel|x64.ActiveCfg = MinSizeRel|x64
		{AE9BD23A-4CAF-36F0-A802-C5994C76EC4F}.MinSizeRel|x64.Build.0 = MinSizeRel|x64
		{AE9BD23A-4CAF-36F0-A802-C5994C76EC4F}.RelWithDebInfo|x64.ActiveCfg = RelWithDebInfo|x64
		{AE9BD23A-4CAF-36F0-A802-C5994C76EC4F}.RelWithDebInfo|x64.Build.0 = RelWithDebInfo|x64
		{44556D7F-B699-3C37-AE41-296F4943F6B4}.Debug|x64.ActiveCfg = Debug|x64
		{44556D7F-B699-3C37-AE41-296F4943F6B4}.Debug|x64.Build.0 = Debug|x64
		{44556D7F-B699-3C37-AE41-296F4943F6B4}.Release|x64.ActiveCfg = Release|x64
		{44556D7F-B699-3C37-AE41-296F4943F6B4}.Release|x64.Build.0 = Release|x64
		{44556D7F-B699-3C37-AE41-296F4943F6B4}.MinSizeRel|x64.ActiveCfg = MinSizeRel|x64
		{44556D7F-B699-3C37-AE41-296F4943F6B4}.MinSizeRel|x64.Build.0 = MinSizeRel|x64
		{44556D7F-B699-3C37-AE41-296F4943F6B4}.RelWithDebInfo|x64.ActiveCfg = RelWithDebInfo|x64
		{44556D7F-B699-3C37-AE41-296F4943F6B4}.RelWithDebInfo|x64.Build.0 = RelWithDebInfo|x64
		{173F2E63-0B31-33DD-9F13-844CA1C3456F}.Debug|x64.ActiveCfg = Debug|x64
		{173F2E63-0B31-33DD-9F13-844CA1C3456F}.Debug|x64.Build.0 = Debug|x64
		{173F2E63-0B31-33DD-9F13-844CA1C3456F}.Release|x64.ActiveCfg = Release|x64
		{173F2E63-0B31-33DD-9F13-844CA1C3456F}.Release|x64.Build.0 = Release|x64
		{173F2E63-0B31-33DD-9F13-844CA1C3456F}.MinSizeRel|x64.ActiveCfg = MinSizeRel|x64
		{173F2E63-0B31-33DD-9F13-844CA1C3456F}.MinSizeRel|x64.Build.0 = MinSizeRel|x64
		{173F2E63-0B31-33DD-9F13-844CA1C3456F}.RelWithDebInfo|x64.ActiveCfg = RelWithDebInfo|x64
		{173F2E63-0B31-33DD-9F13-844CA1C3456F}.RelWithDebInfo|x64.Build.0 = RelWithDebInfo|x64
	EndGlobalSection
	GlobalSection(ExtensibilityGlobals) = postSolution
		SolutionGuid = {3F222F5B-47B6-30DE-82CF-8AC10C7513AE}
	EndGlobalSection
	GlobalSection(ExtensibilityAddIns) = postSolution
	EndGlobalSection
EndGlobal
