<?xml version="1.0" encoding="utf-8"?>
<Project ToolsVersion="16.0" xmlns="http://schemas.microsoft.com/developer/msbuild/2003">
  <ItemGroup>
    <CustomBuild Include="C:\MyCppProjects\pdf-text-extraction\LibAesgm\CMakeLists.txt" />
  </ItemGroup>
  <ItemGroup>
    <Object Include="C:\MyCppProjects\pdf-text-extraction\windows\LibAesgm\LibAesgm_OBJLIB.dir\$(Configuration)\aescrypt.obj">
      <Filter>Object Libraries</Filter>
    </Object>
    <Object Include="C:\MyCppProjects\pdf-text-extraction\windows\LibAesgm\LibAesgm_OBJLIB.dir\$(Configuration)\aeskey.obj">
      <Filter>Object Libraries</Filter>
    </Object>
    <Object Include="C:\MyCppProjects\pdf-text-extraction\windows\LibAesgm\LibAesgm_OBJLIB.dir\$(Configuration)\aes_modes.obj">
      <Filter>Object Libraries</Filter>
    </Object>
    <Object Include="C:\MyCppProjects\pdf-text-extraction\windows\LibAesgm\LibAesgm_OBJLIB.dir\$(Configuration)\aes_ni.obj">
      <Filter>Object Libraries</Filter>
    </Object>
    <Object Include="C:\MyCppProjects\pdf-text-extraction\windows\LibAesgm\LibAesgm_OBJLIB.dir\$(Configuration)\aestab.obj">
      <Filter>Object Libraries</Filter>
    </Object>
  </ItemGroup>
  <ItemGroup>
    <Filter Include="Object Libraries">
      <UniqueIdentifier>{ACCA9CF4-1745-3F05-9438-1990AFF6AC2C}</UniqueIdentifier>
    </Filter>
  </ItemGroup>
</Project>
